
Microsoft Visual Studio Solution File, Format Version 12.00
# Visual Studio Version 16
VisualStudioVersion = 16.0.29123.88
MinimumVisualStudioVersion = 10.0.40219.1
Project("{FAE04EC0-301F-11D3-BF4B-00C04F79EFBC}") = "Getting User Input", "Getting User Input\Getting User Input.csproj", "{33AFCAA8-5C0C-4251-8F20-2BC353A73795}"
EndProject
Global
	GlobalSection(SolutionConfigurationPlatforms) = preSolution
		Debug|Any CPU = Debug|Any CPU
		Release|Any CPU = Release|Any CPU
	EndGlobalSection
	GlobalSection(ProjectConfigurationPlatforms) = postSolution
		{33AFCAA8-5C0C-4251-8F20-2BC353A73795}.Debug|Any CPU.ActiveCfg = Debug|Any CPU
		{33AFCAA8-5C0C-4251-8F20-2BC353A73795}.Debug|Any CPU.Build.0 = Debug|Any CPU
		{33AFCAA8-5C0C-4251-8F20-2BC353A73795}.Release|Any CPU.ActiveCfg = Release|Any CPU
		{33AFCAA8-5C0C-4251-8F20-2BC353A73795}.Release|Any CPU.Build.0 = Release|Any CPU
	EndGlobalSection
	GlobalSection(SolutionProperties) = preSolution
		HideSolutionNode = FALSE
	EndGlobalSection
	GlobalSection(ExtensibilityGlobals) = postSolution
		SolutionGuid = {98E386A1-0084-4A7A-B3AD-FA33F467924C}
	EndGlobalSection
EndGlobal
